// !$*UTF8*$!
{
	archiveVersion = 1;
	classes = {
	};
	objectVersion = 46;
	objects = {

/* Begin PBXBuildFile section */
		1317BE7B20524F2A0095F0BB /* FitbitManager.swift in Sources */ = {isa = PBXBuildFile; fileRef = 1317BE7A20524F2A0095F0BB /* FitbitManager.swift */; };
		1317BE7D205268D80095F0BB /* UINib+Extractor.swift in Sources */ = {isa = PBXBuildFile; fileRef = 1317BE7C205268D80095F0BB /* UINib+Extractor.swift */; };
		132042AB201062C300DCE39E /* BSGFirebaseService.swift in Sources */ = {isa = PBXBuildFile; fileRef = 132042AA201062C300DCE39E /* BSGFirebaseService.swift */; };
		132042AD2010682300DCE39E /* DataManager.swift in Sources */ = {isa = PBXBuildFile; fileRef = 132042AC2010682300DCE39E /* DataManager.swift */; };
		132042AF2010692800DCE39E /* User.swift in Sources */ = {isa = PBXBuildFile; fileRef = 132042AE2010692800DCE39E /* User.swift */; };
		13382AB02017159500CAAB84 /* LoginFlowManager.swift in Sources */ = {isa = PBXBuildFile; fileRef = 13382AAF2017159500CAAB84 /* LoginFlowManager.swift */; };
		13523AF62011C34D00CDF58C /* LabelAndTextFieldCell.swift in Sources */ = {isa = PBXBuildFile; fileRef = 13523AF52011C34D00CDF58C /* LabelAndTextFieldCell.swift */; };
		13523AF82011C52B00CDF58C /* CreateNewAccountViewController.swift in Sources */ = {isa = PBXBuildFile; fileRef = 13523AF72011C52B00CDF58C /* CreateNewAccountViewController.swift */; };
		13523AFB2011E1E500CDF58C /* BackgroundViewController.swift in Sources */ = {isa = PBXBuildFile; fileRef = 13523AFA2011E1E500CDF58C /* BackgroundViewController.swift */; };
		136246CC204E623C00778209 /* ConnectionView.swift in Sources */ = {isa = PBXBuildFile; fileRef = 136246CB204E623C00778209 /* ConnectionView.swift */; };
		136246CE204E66D400778209 /* ConnectionManager.swift in Sources */ = {isa = PBXBuildFile; fileRef = 136246CD204E66D400778209 /* ConnectionManager.swift */; };
		136246D1204FBF6300778209 /* HealthKitService.swift in Sources */ = {isa = PBXBuildFile; fileRef = 136246D0204FBF6300778209 /* HealthKitService.swift */; };
		137B1E0C203FEED700A70FE0 /* NotificationManager.swift in Sources */ = {isa = PBXBuildFile; fileRef = 137B1E0B203FEED700A70FE0 /* NotificationManager.swift */; };
		138BF0272031403900119A52 /* BSGCustomAlert.swift in Sources */ = {isa = PBXBuildFile; fileRef = 138BF0252031403700119A52 /* BSGCustomAlert.swift */; };
		138BF0282031403900119A52 /* BSGCustomAlertController.swift in Sources */ = {isa = PBXBuildFile; fileRef = 138BF0262031403800119A52 /* BSGCustomAlertController.swift */; };
		138BF02C2031418E00119A52 /* CubeColor.swift in Sources */ = {isa = PBXBuildFile; fileRef = 138BF02B2031418E00119A52 /* CubeColor.swift */; };
		138BF02E2031638C00119A52 /* TextField.swift in Sources */ = {isa = PBXBuildFile; fileRef = 138BF02D2031638C00119A52 /* TextField.swift */; };
		138BF03220328D9E00119A52 /* BSGFacebookService.swift in Sources */ = {isa = PBXBuildFile; fileRef = 138BF03120328D9E00119A52 /* BSGFacebookService.swift */; };
		138BF0372032B25300119A52 /* SkinnedViewController.swift in Sources */ = {isa = PBXBuildFile; fileRef = 138BF0362032B25300119A52 /* SkinnedViewController.swift */; };
		138BF03A2032B2E800119A52 /* ProfileInfo.swift in Sources */ = {isa = PBXBuildFile; fileRef = 138BF0392032B2E800119A52 /* ProfileInfo.swift */; };
		13C099A8202D865100E356D5 /* ProfileViewController.swift in Sources */ = {isa = PBXBuildFile; fileRef = 13C099A7202D865100E356D5 /* ProfileViewController.swift */; };
		13C099AA202D886200E356D5 /* DropdownMenuCell.swift in Sources */ = {isa = PBXBuildFile; fileRef = 13C099A9202D886200E356D5 /* DropdownMenuCell.swift */; };
		13E5ACF62026150A00C92237 /* CustomTabBar.swift in Sources */ = {isa = PBXBuildFile; fileRef = 13E5ACF52026150A00C92237 /* CustomTabBar.swift */; };
		4A06B5F81E709F1B008BDBE1 /* GoogleService-Info.plist in Resources */ = {isa = PBXBuildFile; fileRef = 4A06B5F71E709F1B008BDBE1 /* GoogleService-Info.plist */; };
		4A06B5FA1E70F287008BDBE1 /* EnumList.swift in Sources */ = {isa = PBXBuildFile; fileRef = 4A06B5F91E70F287008BDBE1 /* EnumList.swift */; };
		4A06B5FC1E713C82008BDBE1 /* Connection.swift in Sources */ = {isa = PBXBuildFile; fileRef = 4A06B5FB1E713C82008BDBE1 /* Connection.swift */; };
		4A438D7D1E31E46600C2253C /* CheckViewController.swift in Sources */ = {isa = PBXBuildFile; fileRef = 4A438D7C1E31E46600C2253C /* CheckViewController.swift */; };
		4A438D821E31EB5400C2253C /* Chartboost.framework in Frameworks */ = {isa = PBXBuildFile; fileRef = 4A438D811E31EB5400C2253C /* Chartboost.framework */; };
		4A438D841E31EB8000C2253C /* StoreKit.framework in Frameworks */ = {isa = PBXBuildFile; fileRef = 4A438D831E31EB8000C2253C /* StoreKit.framework */; };
		4A438D861E31EB8600C2253C /* UIKit.framework in Frameworks */ = {isa = PBXBuildFile; fileRef = 4A438D851E31EB8600C2253C /* UIKit.framework */; };
		4A438D881E31EB8D00C2253C /* Foundation.framework in Frameworks */ = {isa = PBXBuildFile; fileRef = 4A438D871E31EB8D00C2253C /* Foundation.framework */; };
		4A438D8A1E31EB9300C2253C /* CoreGraphics.framework in Frameworks */ = {isa = PBXBuildFile; fileRef = 4A438D891E31EB9300C2253C /* CoreGraphics.framework */; };
		4A438D901E32DF1F00C2253C /* AppTutorialVideo.mp4 in Resources */ = {isa = PBXBuildFile; fileRef = 4A438D8E1E32DD1F00C2253C /* AppTutorialVideo.mp4 */; };
		4A55D7101E79B6BB00EFB9B5 /* BSGCommon.swift in Sources */ = {isa = PBXBuildFile; fileRef = 4A55D70F1E79B6BB00EFB9B5 /* BSGCommon.swift */; };
		4A8346991E203B6200BAF8F9 /* AppDelegate.swift in Sources */ = {isa = PBXBuildFile; fileRef = 4A8346781E203B6200BAF8F9 /* AppDelegate.swift */; };
		4A83469A1E203B6200BAF8F9 /* Assets.xcassets in Resources */ = {isa = PBXBuildFile; fileRef = 4A8346791E203B6200BAF8F9 /* Assets.xcassets */; };
		4A83469B1E203B6200BAF8F9 /* LaunchScreen.storyboard in Resources */ = {isa = PBXBuildFile; fileRef = 4A83467A1E203B6200BAF8F9 /* LaunchScreen.storyboard */; };
		4A83469C1E203B6200BAF8F9 /* Main.storyboard in Resources */ = {isa = PBXBuildFile; fileRef = 4A83467C1E203B6200BAF8F9 /* Main.storyboard */; };
		4A83469D1E203B6200BAF8F9 /* AuthenticationController.swift in Sources */ = {isa = PBXBuildFile; fileRef = 4A8346801E203B6200BAF8F9 /* AuthenticationController.swift */; };
		4A83469E1E203B6200BAF8F9 /* FitbitAPI.swift in Sources */ = {isa = PBXBuildFile; fileRef = 4A8346811E203B6200BAF8F9 /* FitbitAPI.swift */; };
		4A83469F1E203B6200BAF8F9 /* Notifications.swift in Sources */ = {isa = PBXBuildFile; fileRef = 4A8346821E203B6200BAF8F9 /* Notifications.swift */; };
		4A8346A01E203B6200BAF8F9 /* HeartStats.swift in Sources */ = {isa = PBXBuildFile; fileRef = 4A8346831E203B6200BAF8F9 /* HeartStats.swift */; };
		4A8346A21E203B6200BAF8F9 /* String+Dates.swift in Sources */ = {isa = PBXBuildFile; fileRef = 4A8346851E203B6200BAF8F9 /* String+Dates.swift */; };
		4A8346A41E203B6200BAF8F9 /* CustomTableViewCell.swift in Sources */ = {isa = PBXBuildFile; fileRef = 4A8346881E203B6200BAF8F9 /* CustomTableViewCell.swift */; };
		4A8346A51E203B6200BAF8F9 /* DataEntry.swift in Sources */ = {isa = PBXBuildFile; fileRef = 4A8346891E203B6200BAF8F9 /* DataEntry.swift */; };
		4A8346A61E203B6200BAF8F9 /* LocationMarker.swift in Sources */ = {isa = PBXBuildFile; fileRef = 4A83468A1E203B6200BAF8F9 /* LocationMarker.swift */; };
		4A8346A71E203B6200BAF8F9 /* PlayerData.swift in Sources */ = {isa = PBXBuildFile; fileRef = 4A83468B1E203B6200BAF8F9 /* PlayerData.swift */; };
		4A8346A81E203B6200BAF8F9 /* Question.swift in Sources */ = {isa = PBXBuildFile; fileRef = 4A83468C1E203B6200BAF8F9 /* Question.swift */; };
		4A8346A91E203B6200BAF8F9 /* QuestionStorage.swift in Sources */ = {isa = PBXBuildFile; fileRef = 4A83468D1E203B6200BAF8F9 /* QuestionStorage.swift */; };
		4A8346AA1E203B6200BAF8F9 /* CubeViewController.swift in Sources */ = {isa = PBXBuildFile; fileRef = 4A83468F1E203B6200BAF8F9 /* CubeViewController.swift */; };
		4A8346AB1E203B6200BAF8F9 /* DataEntryDetailsViewController.swift in Sources */ = {isa = PBXBuildFile; fileRef = 4A8346901E203B6200BAF8F9 /* DataEntryDetailsViewController.swift */; };
		4A8346AC1E203B6200BAF8F9 /* ConnectionsViewController.swift in Sources */ = {isa = PBXBuildFile; fileRef = 4A8346911E203B6200BAF8F9 /* ConnectionsViewController.swift */; };
		4A8346AD1E203B6200BAF8F9 /* GeneralViewController.swift in Sources */ = {isa = PBXBuildFile; fileRef = 4A8346921E203B6200BAF8F9 /* GeneralViewController.swift */; };
		4A8346AE1E203B6200BAF8F9 /* KnowledgeBaseViewController.swift in Sources */ = {isa = PBXBuildFile; fileRef = 4A8346931E203B6200BAF8F9 /* KnowledgeBaseViewController.swift */; };
		4A8346AF1E203B6200BAF8F9 /* LoginViewController.swift in Sources */ = {isa = PBXBuildFile; fileRef = 4A8346941E203B6200BAF8F9 /* LoginViewController.swift */; };
		4A8346B01E203B6200BAF8F9 /* MapViewController.swift in Sources */ = {isa = PBXBuildFile; fileRef = 4A8346951E203B6200BAF8F9 /* MapViewController.swift */; };
		4A8346B11E203B6200BAF8F9 /* PlayViewController.swift in Sources */ = {isa = PBXBuildFile; fileRef = 4A8346961E203B6200BAF8F9 /* PlayViewController.swift */; };
		4A8346B21E203B6200BAF8F9 /* StatsNavViewController.swift in Sources */ = {isa = PBXBuildFile; fileRef = 4A8346971E203B6200BAF8F9 /* StatsNavViewController.swift */; };
		4A8346B31E203B6200BAF8F9 /* StatsViewController.swift in Sources */ = {isa = PBXBuildFile; fileRef = 4A8346981E203B6200BAF8F9 /* StatsViewController.swift */; };
		4A8346B71E203E4000BAF8F9 /* HealthKit.framework in Frameworks */ = {isa = PBXBuildFile; fileRef = 4A8346B61E203E4000BAF8F9 /* HealthKit.framework */; };
		4A877CD01E889BED009CE752 /* FriendCell.swift in Sources */ = {isa = PBXBuildFile; fileRef = 4A877CCF1E889BED009CE752 /* FriendCell.swift */; };
		4A877CD31E889D5C009CE752 /* FriendListViewController.swift in Sources */ = {isa = PBXBuildFile; fileRef = 4A877CD21E889D5C009CE752 /* FriendListViewController.swift */; };
		4AA2D39C1E24B35E00DBE986 /* Media.swift in Sources */ = {isa = PBXBuildFile; fileRef = 4AA2D39B1E24B35E00DBE986 /* Media.swift */; };
		4AA2D3A01E256A7D00DBE986 /* Avatar.swift in Sources */ = {isa = PBXBuildFile; fileRef = 4AA2D39F1E256A7D00DBE986 /* Avatar.swift */; };
		4AA2D3CA1E2E8E4200DBE986 /* CloudKit.framework in Frameworks */ = {isa = PBXBuildFile; fileRef = 4AA2D3C91E2E8E4200DBE986 /* CloudKit.framework */; };
		4AA2D3CC1E2FFC6F00DBE986 /* Configuration.swift in Sources */ = {isa = PBXBuildFile; fileRef = 4AA2D3CB1E2FFC6F00DBE986 /* Configuration.swift */; };
		4AADEAD61E30826600C062B5 /* LoadingViewController.swift in Sources */ = {isa = PBXBuildFile; fileRef = 4AADEAD51E30826600C062B5 /* LoadingViewController.swift */; };
		4AADEAD81E30848000C062B5 /* Noodle.gif in Resources */ = {isa = PBXBuildFile; fileRef = 4AADEAD71E30848000C062B5 /* Noodle.gif */; };
		4AADEADA1E30887000C062B5 /* iOSDevCenters+GIF.swift in Sources */ = {isa = PBXBuildFile; fileRef = 4AADEAD91E30887000C062B5 /* iOSDevCenters+GIF.swift */; };
		4ABD51541E99558A00607CE8 /* PickAvatarViewController.swift in Sources */ = {isa = PBXBuildFile; fileRef = 4ABD51531E99558A00607CE8 /* PickAvatarViewController.swift */; };
		4AFB6CAE1E31545700CB8586 /* HookDown.mp3 in Resources */ = {isa = PBXBuildFile; fileRef = 4AFB6CAA1E31545700CB8586 /* HookDown.mp3 */; };
		4AFB6CAF1E31545700CB8586 /* HookUp.mp3 in Resources */ = {isa = PBXBuildFile; fileRef = 4AFB6CAB1E31545700CB8586 /* HookUp.mp3 */; };
		4AFB6CB01E31545700CB8586 /* CheckVocals.mp3 in Resources */ = {isa = PBXBuildFile; fileRef = 4AFB6CAC1E31545700CB8586 /* CheckVocals.mp3 */; };
		4AFB6CB11E31545700CB8586 /* ExtendedBeat.mp3 in Resources */ = {isa = PBXBuildFile; fileRef = 4AFB6CAD1E31545700CB8586 /* ExtendedBeat.mp3 */; };
		A3AF115CC73C5DEC768E1C2E /* Pods_Check_Yo_Self.framework in Frameworks */ = {isa = PBXBuildFile; fileRef = 07D724E8DB2EF705EBC757AB /* Pods_Check_Yo_Self.framework */; };
/* End PBXBuildFile section */

/* Begin PBXFileReference section */
		07D724E8DB2EF705EBC757AB /* Pods_Check_Yo_Self.framework */ = {isa = PBXFileReference; explicitFileType = wrapper.framework; includeInIndex = 0; path = Pods_Check_Yo_Self.framework; sourceTree = BUILT_PRODUCTS_DIR; };
		1317BE7A20524F2A0095F0BB /* FitbitManager.swift */ = {isa = PBXFileReference; lastKnownFileType = sourcecode.swift; path = FitbitManager.swift; sourceTree = "<group>"; };
		1317BE7C205268D80095F0BB /* UINib+Extractor.swift */ = {isa = PBXFileReference; lastKnownFileType = sourcecode.swift; path = "UINib+Extractor.swift"; sourceTree = "<group>"; };
		132042AA201062C300DCE39E /* BSGFirebaseService.swift */ = {isa = PBXFileReference; fileEncoding = 4; lastKnownFileType = sourcecode.swift; path = BSGFirebaseService.swift; sourceTree = "<group>"; };
		132042AC2010682300DCE39E /* DataManager.swift */ = {isa = PBXFileReference; lastKnownFileType = sourcecode.swift; path = DataManager.swift; sourceTree = "<group>"; };
		132042AE2010692800DCE39E /* User.swift */ = {isa = PBXFileReference; lastKnownFileType = sourcecode.swift; path = User.swift; sourceTree = "<group>"; };
		13382AAF2017159500CAAB84 /* LoginFlowManager.swift */ = {isa = PBXFileReference; lastKnownFileType = sourcecode.swift; path = LoginFlowManager.swift; sourceTree = "<group>"; };
		13523AF52011C34D00CDF58C /* LabelAndTextFieldCell.swift */ = {isa = PBXFileReference; lastKnownFileType = sourcecode.swift; path = LabelAndTextFieldCell.swift; sourceTree = "<group>"; };
		13523AF72011C52B00CDF58C /* CreateNewAccountViewController.swift */ = {isa = PBXFileReference; lastKnownFileType = sourcecode.swift; path = CreateNewAccountViewController.swift; sourceTree = "<group>"; };
		13523AFA2011E1E500CDF58C /* BackgroundViewController.swift */ = {isa = PBXFileReference; lastKnownFileType = sourcecode.swift; path = BackgroundViewController.swift; sourceTree = "<group>"; };
		136246CB204E623C00778209 /* ConnectionView.swift */ = {isa = PBXFileReference; lastKnownFileType = sourcecode.swift; path = ConnectionView.swift; sourceTree = "<group>"; };
		136246CD204E66D400778209 /* ConnectionManager.swift */ = {isa = PBXFileReference; lastKnownFileType = sourcecode.swift; path = ConnectionManager.swift; sourceTree = "<group>"; };
		136246D0204FBF6300778209 /* HealthKitService.swift */ = {isa = PBXFileReference; lastKnownFileType = sourcecode.swift; path = HealthKitService.swift; sourceTree = "<group>"; };
		137B1E0B203FEED700A70FE0 /* NotificationManager.swift */ = {isa = PBXFileReference; lastKnownFileType = sourcecode.swift; path = NotificationManager.swift; sourceTree = "<group>"; };
		138BF0252031403700119A52 /* BSGCustomAlert.swift */ = {isa = PBXFileReference; fileEncoding = 4; lastKnownFileType = sourcecode.swift; path = BSGCustomAlert.swift; sourceTree = "<group>"; };
		138BF0262031403800119A52 /* BSGCustomAlertController.swift */ = {isa = PBXFileReference; fileEncoding = 4; lastKnownFileType = sourcecode.swift; path = BSGCustomAlertController.swift; sourceTree = "<group>"; };
		138BF02B2031418E00119A52 /* CubeColor.swift */ = {isa = PBXFileReference; lastKnownFileType = sourcecode.swift; path = CubeColor.swift; sourceTree = "<group>"; };
		138BF02D2031638C00119A52 /* TextField.swift */ = {isa = PBXFileReference; lastKnownFileType = sourcecode.swift; path = TextField.swift; sourceTree = "<group>"; };
		138BF03120328D9E00119A52 /* BSGFacebookService.swift */ = {isa = PBXFileReference; fileEncoding = 4; lastKnownFileType = sourcecode.swift; path = BSGFacebookService.swift; sourceTree = "<group>"; };
		138BF0362032B25300119A52 /* SkinnedViewController.swift */ = {isa = PBXFileReference; lastKnownFileType = sourcecode.swift; path = SkinnedViewController.swift; sourceTree = "<group>"; };
		138BF0392032B2E800119A52 /* ProfileInfo.swift */ = {isa = PBXFileReference; lastKnownFileType = sourcecode.swift; path = ProfileInfo.swift; sourceTree = "<group>"; };
		13C099A7202D865100E356D5 /* ProfileViewController.swift */ = {isa = PBXFileReference; lastKnownFileType = sourcecode.swift; path = ProfileViewController.swift; sourceTree = "<group>"; };
		13C099A9202D886200E356D5 /* DropdownMenuCell.swift */ = {isa = PBXFileReference; lastKnownFileType = sourcecode.swift; path = DropdownMenuCell.swift; sourceTree = "<group>"; };
		13E5ACF52026150A00C92237 /* CustomTabBar.swift */ = {isa = PBXFileReference; fileEncoding = 4; lastKnownFileType = sourcecode.swift; path = CustomTabBar.swift; sourceTree = "<group>"; };
		4A00258B1E36A52A00950990 /* BridgingHeader.h */ = {isa = PBXFileReference; lastKnownFileType = sourcecode.c.h; path = BridgingHeader.h; sourceTree = "<group>"; };
		4A06B5F71E709F1B008BDBE1 /* GoogleService-Info.plist */ = {isa = PBXFileReference; fileEncoding = 4; lastKnownFileType = text.plist.xml; path = "GoogleService-Info.plist"; sourceTree = "<group>"; };
		4A06B5F91E70F287008BDBE1 /* EnumList.swift */ = {isa = PBXFileReference; fileEncoding = 4; lastKnownFileType = sourcecode.swift; path = EnumList.swift; sourceTree = "<group>"; };
		4A06B5FB1E713C82008BDBE1 /* Connection.swift */ = {isa = PBXFileReference; fileEncoding = 4; lastKnownFileType = sourcecode.swift; path = Connection.swift; sourceTree = "<group>"; };
		4A438D7C1E31E46600C2253C /* CheckViewController.swift */ = {isa = PBXFileReference; fileEncoding = 4; lastKnownFileType = sourcecode.swift; path = CheckViewController.swift; sourceTree = "<group>"; };
		4A438D811E31EB5400C2253C /* Chartboost.framework */ = {isa = PBXFileReference; lastKnownFileType = wrapper.framework; name = Chartboost.framework; path = Check_Yo_Self/Frameworks/Chartboost.framework; sourceTree = "<group>"; };
		4A438D831E31EB8000C2253C /* StoreKit.framework */ = {isa = PBXFileReference; lastKnownFileType = wrapper.framework; name = StoreKit.framework; path = System/Library/Frameworks/StoreKit.framework; sourceTree = SDKROOT; };
		4A438D851E31EB8600C2253C /* UIKit.framework */ = {isa = PBXFileReference; lastKnownFileType = wrapper.framework; name = UIKit.framework; path = System/Library/Frameworks/UIKit.framework; sourceTree = SDKROOT; };
		4A438D871E31EB8D00C2253C /* Foundation.framework */ = {isa = PBXFileReference; lastKnownFileType = wrapper.framework; name = Foundation.framework; path = System/Library/Frameworks/Foundation.framework; sourceTree = SDKROOT; };
		4A438D891E31EB9300C2253C /* CoreGraphics.framework */ = {isa = PBXFileReference; lastKnownFileType = wrapper.framework; name = CoreGraphics.framework; path = System/Library/Frameworks/CoreGraphics.framework; sourceTree = SDKROOT; };
		4A438D8E1E32DD1F00C2253C /* AppTutorialVideo.mp4 */ = {isa = PBXFileReference; lastKnownFileType = file; path = AppTutorialVideo.mp4; sourceTree = "<group>"; };
		4A55D70F1E79B6BB00EFB9B5 /* BSGCommon.swift */ = {isa = PBXFileReference; fileEncoding = 4; lastKnownFileType = sourcecode.swift; path = BSGCommon.swift; sourceTree = "<group>"; };
		4A8346621E20394D00BAF8F9 /* Check_Yo_Self.app */ = {isa = PBXFileReference; explicitFileType = wrapper.application; includeInIndex = 0; path = Check_Yo_Self.app; sourceTree = BUILT_PRODUCTS_DIR; };
		4A8346781E203B6200BAF8F9 /* AppDelegate.swift */ = {isa = PBXFileReference; fileEncoding = 4; lastKnownFileType = sourcecode.swift; path = AppDelegate.swift; sourceTree = "<group>"; };
		4A8346791E203B6200BAF8F9 /* Assets.xcassets */ = {isa = PBXFileReference; lastKnownFileType = folder.assetcatalog; path = Assets.xcassets; sourceTree = "<group>"; };
		4A83467B1E203B6200BAF8F9 /* Base */ = {isa = PBXFileReference; lastKnownFileType = file.storyboard; name = Base; path = Base.lproj/LaunchScreen.storyboard; sourceTree = "<group>"; };
		4A83467D1E203B6200BAF8F9 /* Base */ = {isa = PBXFileReference; lastKnownFileType = file.storyboard; name = Base; path = Base.lproj/Main.storyboard; sourceTree = "<group>"; };
		4A83467E1E203B6200BAF8F9 /* CheckYoSelf.entitlements */ = {isa = PBXFileReference; fileEncoding = 4; lastKnownFileType = text.plist.entitlements; path = CheckYoSelf.entitlements; sourceTree = "<group>"; };
		4A8346801E203B6200BAF8F9 /* AuthenticationController.swift */ = {isa = PBXFileReference; fileEncoding = 4; lastKnownFileType = sourcecode.swift; path = AuthenticationController.swift; sourceTree = "<group>"; };
		4A8346811E203B6200BAF8F9 /* FitbitAPI.swift */ = {isa = PBXFileReference; fileEncoding = 4; lastKnownFileType = sourcecode.swift; path = FitbitAPI.swift; sourceTree = "<group>"; };
		4A8346821E203B6200BAF8F9 /* Notifications.swift */ = {isa = PBXFileReference; fileEncoding = 4; lastKnownFileType = sourcecode.swift; path = Notifications.swift; sourceTree = "<group>"; };
		4A8346831E203B6200BAF8F9 /* HeartStats.swift */ = {isa = PBXFileReference; fileEncoding = 4; lastKnownFileType = sourcecode.swift; path = HeartStats.swift; sourceTree = "<group>"; };
		4A8346851E203B6200BAF8F9 /* String+Dates.swift */ = {isa = PBXFileReference; fileEncoding = 4; lastKnownFileType = sourcecode.swift; path = "String+Dates.swift"; sourceTree = "<group>"; };
		4A8346861E203B6200BAF8F9 /* Info.plist */ = {isa = PBXFileReference; fileEncoding = 4; lastKnownFileType = text.plist.xml; path = Info.plist; sourceTree = "<group>"; };
		4A8346881E203B6200BAF8F9 /* CustomTableViewCell.swift */ = {isa = PBXFileReference; fileEncoding = 4; lastKnownFileType = sourcecode.swift; path = CustomTableViewCell.swift; sourceTree = "<group>"; };
		4A8346891E203B6200BAF8F9 /* DataEntry.swift */ = {isa = PBXFileReference; fileEncoding = 4; lastKnownFileType = sourcecode.swift; path = DataEntry.swift; sourceTree = "<group>"; };
		4A83468A1E203B6200BAF8F9 /* LocationMarker.swift */ = {isa = PBXFileReference; fileEncoding = 4; lastKnownFileType = sourcecode.swift; path = LocationMarker.swift; sourceTree = "<group>"; };
		4A83468B1E203B6200BAF8F9 /* PlayerData.swift */ = {isa = PBXFileReference; fileEncoding = 4; lastKnownFileType = sourcecode.swift; path = PlayerData.swift; sourceTree = "<group>"; };
		4A83468C1E203B6200BAF8F9 /* Question.swift */ = {isa = PBXFileReference; fileEncoding = 4; lastKnownFileType = sourcecode.swift; path = Question.swift; sourceTree = "<group>"; };
		4A83468D1E203B6200BAF8F9 /* QuestionStorage.swift */ = {isa = PBXFileReference; fileEncoding = 4; lastKnownFileType = sourcecode.swift; path = QuestionStorage.swift; sourceTree = "<group>"; };
		4A83468F1E203B6200BAF8F9 /* CubeViewController.swift */ = {isa = PBXFileReference; fileEncoding = 4; lastKnownFileType = sourcecode.swift; path = CubeViewController.swift; sourceTree = "<group>"; };
		4A8346901E203B6200BAF8F9 /* DataEntryDetailsViewController.swift */ = {isa = PBXFileReference; fileEncoding = 4; lastKnownFileType = sourcecode.swift; path = DataEntryDetailsViewController.swift; sourceTree = "<group>"; };
		4A8346911E203B6200BAF8F9 /* ConnectionsViewController.swift */ = {isa = PBXFileReference; fileEncoding = 4; lastKnownFileType = sourcecode.swift; path = ConnectionsViewController.swift; sourceTree = "<group>"; };
		4A8346921E203B6200BAF8F9 /* GeneralViewController.swift */ = {isa = PBXFileReference; fileEncoding = 4; lastKnownFileType = sourcecode.swift; path = GeneralViewController.swift; sourceTree = "<group>"; };
		4A8346931E203B6200BAF8F9 /* KnowledgeBaseViewController.swift */ = {isa = PBXFileReference; fileEncoding = 4; lastKnownFileType = sourcecode.swift; path = KnowledgeBaseViewController.swift; sourceTree = "<group>"; };
		4A8346941E203B6200BAF8F9 /* LoginViewController.swift */ = {isa = PBXFileReference; fileEncoding = 4; lastKnownFileType = sourcecode.swift; path = LoginViewController.swift; sourceTree = "<group>"; };
		4A8346951E203B6200BAF8F9 /* MapViewController.swift */ = {isa = PBXFileReference; fileEncoding = 4; lastKnownFileType = sourcecode.swift; path = MapViewController.swift; sourceTree = "<group>"; };
		4A8346961E203B6200BAF8F9 /* PlayViewController.swift */ = {isa = PBXFileReference; fileEncoding = 4; lastKnownFileType = sourcecode.swift; path = PlayViewController.swift; sourceTree = "<group>"; };
		4A8346971E203B6200BAF8F9 /* StatsNavViewController.swift */ = {isa = PBXFileReference; fileEncoding = 4; lastKnownFileType = sourcecode.swift; path = StatsNavViewController.swift; sourceTree = "<group>"; };
		4A8346981E203B6200BAF8F9 /* StatsViewController.swift */ = {isa = PBXFileReference; fileEncoding = 4; lastKnownFileType = sourcecode.swift; path = StatsViewController.swift; sourceTree = "<group>"; };
		4A8346B41E203E3F00BAF8F9 /* Check_Yo_Self.entitlements */ = {isa = PBXFileReference; lastKnownFileType = text.plist.entitlements; path = Check_Yo_Self.entitlements; sourceTree = "<group>"; };
		4A8346B61E203E4000BAF8F9 /* HealthKit.framework */ = {isa = PBXFileReference; lastKnownFileType = wrapper.framework; name = HealthKit.framework; path = System/Library/Frameworks/HealthKit.framework; sourceTree = SDKROOT; };
		4A877CCF1E889BED009CE752 /* FriendCell.swift */ = {isa = PBXFileReference; fileEncoding = 4; lastKnownFileType = sourcecode.swift; path = FriendCell.swift; sourceTree = "<group>"; };
		4A877CD21E889D5C009CE752 /* FriendListViewController.swift */ = {isa = PBXFileReference; fileEncoding = 4; lastKnownFileType = sourcecode.swift; path = FriendListViewController.swift; sourceTree = "<group>"; };
		4AA2D39B1E24B35E00DBE986 /* Media.swift */ = {isa = PBXFileReference; fileEncoding = 4; lastKnownFileType = sourcecode.swift; path = Media.swift; sourceTree = "<group>"; };
		4AA2D39F1E256A7D00DBE986 /* Avatar.swift */ = {isa = PBXFileReference; fileEncoding = 4; lastKnownFileType = sourcecode.swift; path = Avatar.swift; sourceTree = "<group>"; };
		4AA2D3C91E2E8E4200DBE986 /* CloudKit.framework */ = {isa = PBXFileReference; lastKnownFileType = wrapper.framework; name = CloudKit.framework; path = System/Library/Frameworks/CloudKit.framework; sourceTree = SDKROOT; };
		4AA2D3CB1E2FFC6F00DBE986 /* Configuration.swift */ = {isa = PBXFileReference; fileEncoding = 4; lastKnownFileType = sourcecode.swift; path = Configuration.swift; sourceTree = "<group>"; };
		4AADEAD51E30826600C062B5 /* LoadingViewController.swift */ = {isa = PBXFileReference; fileEncoding = 4; lastKnownFileType = sourcecode.swift; path = LoadingViewController.swift; sourceTree = "<group>"; };
		4AADEAD71E30848000C062B5 /* Noodle.gif */ = {isa = PBXFileReference; lastKnownFileType = image.gif; path = Noodle.gif; sourceTree = "<group>"; };
		4AADEAD91E30887000C062B5 /* iOSDevCenters+GIF.swift */ = {isa = PBXFileReference; fileEncoding = 4; lastKnownFileType = sourcecode.swift; path = "iOSDevCenters+GIF.swift"; sourceTree = "<group>"; };
		4ABD51531E99558A00607CE8 /* PickAvatarViewController.swift */ = {isa = PBXFileReference; fileEncoding = 4; lastKnownFileType = sourcecode.swift; path = PickAvatarViewController.swift; sourceTree = "<group>"; };
		4AFB6CAA1E31545700CB8586 /* HookDown.mp3 */ = {isa = PBXFileReference; lastKnownFileType = audio.mp3; path = HookDown.mp3; sourceTree = "<group>"; };
		4AFB6CAB1E31545700CB8586 /* HookUp.mp3 */ = {isa = PBXFileReference; lastKnownFileType = audio.mp3; path = HookUp.mp3; sourceTree = "<group>"; };
		4AFB6CAC1E31545700CB8586 /* CheckVocals.mp3 */ = {isa = PBXFileReference; lastKnownFileType = audio.mp3; path = CheckVocals.mp3; sourceTree = "<group>"; };
		4AFB6CAD1E31545700CB8586 /* ExtendedBeat.mp3 */ = {isa = PBXFileReference; lastKnownFileType = audio.mp3; path = ExtendedBeat.mp3; sourceTree = "<group>"; };
		4D6A8F49780E00E06AA0BEA1 /* Pods-Check_Yo_Self.debug.xcconfig */ = {isa = PBXFileReference; includeInIndex = 1; lastKnownFileType = text.xcconfig; name = "Pods-Check_Yo_Self.debug.xcconfig"; path = "Pods/Target Support Files/Pods-Check_Yo_Self/Pods-Check_Yo_Self.debug.xcconfig"; sourceTree = "<group>"; };
		B33B9F90DA837350B8BCBFEF /* Pods-Check_Yo_Self.release.xcconfig */ = {isa = PBXFileReference; includeInIndex = 1; lastKnownFileType = text.xcconfig; name = "Pods-Check_Yo_Self.release.xcconfig"; path = "Pods/Target Support Files/Pods-Check_Yo_Self/Pods-Check_Yo_Self.release.xcconfig"; sourceTree = "<group>"; };
/* End PBXFileReference section */

/* Begin PBXFrameworksBuildPhase section */
		4A83465F1E20394D00BAF8F9 /* Frameworks */ = {
			isa = PBXFrameworksBuildPhase;
			buildActionMask = 2147483647;
			files = (
				4A438D8A1E31EB9300C2253C /* CoreGraphics.framework in Frameworks */,
				4A438D881E31EB8D00C2253C /* Foundation.framework in Frameworks */,
				4A438D861E31EB8600C2253C /* UIKit.framework in Frameworks */,
				4A438D841E31EB8000C2253C /* StoreKit.framework in Frameworks */,
				4A438D821E31EB5400C2253C /* Chartboost.framework in Frameworks */,
				4A8346B71E203E4000BAF8F9 /* HealthKit.framework in Frameworks */,
				4AA2D3CA1E2E8E4200DBE986 /* CloudKit.framework in Frameworks */,
				A3AF115CC73C5DEC768E1C2E /* Pods_Check_Yo_Self.framework in Frameworks */,
			);
			runOnlyForDeploymentPostprocessing = 0;
		};
/* End PBXFrameworksBuildPhase section */

/* Begin PBXGroup section */
		138BF0352032AC3C00119A52 /* Central Data */ = {
			isa = PBXGroup;
			children = (
				138BF0382032B2C300119A52 /* Profile Info */,
				132042AC2010682300DCE39E /* DataManager.swift */,
				4A83468B1E203B6200BAF8F9 /* PlayerData.swift */,
				132042AE2010692800DCE39E /* User.swift */,
				137B1E0B203FEED700A70FE0 /* NotificationManager.swift */,
			);
			path = "Central Data";
			sourceTree = "<group>";
		};
		138BF0382032B2C300119A52 /* Profile Info */ = {
			isa = PBXGroup;
			children = (
				138BF02B2031418E00119A52 /* CubeColor.swift */,
				138BF0392032B2E800119A52 /* ProfileInfo.swift */,
			);
			path = "Profile Info";
			sourceTree = "<group>";
		};
		13E5ACDA20260FE300C92237 /* Source */ = {
			isa = PBXGroup;
			children = (
				13E5ACDE2026109600C92237 /* General */,
				13E5ACDB20260FE900C92237 /* Login */,
				13E5ACE22026114200C92237 /* Cube */,
				13E5ACE32026115600C92237 /* Play */,
				13E5ACE6202611ED00C92237 /* Stats */,
				13E5ACEC202612A100C92237 /* Map */,
				13E5ACEF2026131C00C92237 /* Knowledge Base */,
				13E5ACE7202611FE00C92237 /* Connections */,
				13E5ACE82026120800C92237 /* Friend List */,
				4A83467F1E203B6200BAF8F9 /* FitBit */,
				13E5ACE1202610F700C92237 /* Third Party */,
				13E5ACDF202610C300C92237 /* BSG */,
			);
			path = Source;
			sourceTree = "<group>";
		};
		13E5ACDB20260FE900C92237 /* Login */ = {
			isa = PBXGroup;
			children = (
				13E5ACDD2026107E00C92237 /* View Controllers */,
				13382AAF2017159500CAAB84 /* LoginFlowManager.swift */,
			);
			path = Login;
			sourceTree = "<group>";
		};
		13E5ACDD2026107E00C92237 /* View Controllers */ = {
			isa = PBXGroup;
			children = (
				4A8346941E203B6200BAF8F9 /* LoginViewController.swift */,
				13523AF72011C52B00CDF58C /* CreateNewAccountViewController.swift */,
				4AADEAD51E30826600C062B5 /* LoadingViewController.swift */,
				13C099A7202D865100E356D5 /* ProfileViewController.swift */,
			);
			path = "View Controllers";
			sourceTree = "<group>";
		};
		13E5ACDE2026109600C92237 /* General */ = {
			isa = PBXGroup;
			children = (
				138BF0352032AC3C00119A52 /* Central Data */,
				13E5ACF42026150200C92237 /* Overrides */,
				13E5ACE52026118E00C92237 /* View Controllers */,
				13E5ACE0202610D600C92237 /* Table Cells */,
				4AA2D3CB1E2FFC6F00DBE986 /* Configuration.swift */,
				4AA2D39B1E24B35E00DBE986 /* Media.swift */,
				4A06B5F91E70F287008BDBE1 /* EnumList.swift */,
				4A8346781E203B6200BAF8F9 /* AppDelegate.swift */,
			);
			path = General;
			sourceTree = "<group>";
		};
		13E5ACDF202610C300C92237 /* BSG */ = {
			isa = PBXGroup;
			children = (
				138BF0252031403700119A52 /* BSGCustomAlert.swift */,
				138BF03120328D9E00119A52 /* BSGFacebookService.swift */,
				138BF0262031403800119A52 /* BSGCustomAlertController.swift */,
				4A55D70F1E79B6BB00EFB9B5 /* BSGCommon.swift */,
				132042AA201062C300DCE39E /* BSGFirebaseService.swift */,
				1317BE7C205268D80095F0BB /* UINib+Extractor.swift */,
			);
			path = BSG;
			sourceTree = "<group>";
		};
		13E5ACE0202610D600C92237 /* Table Cells */ = {
			isa = PBXGroup;
			children = (
				4A8346881E203B6200BAF8F9 /* CustomTableViewCell.swift */,
				13523AF52011C34D00CDF58C /* LabelAndTextFieldCell.swift */,
				13C099A9202D886200E356D5 /* DropdownMenuCell.swift */,
			);
			path = "Table Cells";
			sourceTree = "<group>";
		};
		13E5ACE1202610F700C92237 /* Third Party */ = {
			isa = PBXGroup;
			children = (
				4AADEAD91E30887000C062B5 /* iOSDevCenters+GIF.swift */,
			);
			path = "Third Party";
			sourceTree = "<group>";
		};
		13E5ACE22026114200C92237 /* Cube */ = {
			isa = PBXGroup;
			children = (
				13E5ACE92026122800C92237 /* View Controllers */,
				4AA2D39F1E256A7D00DBE986 /* Avatar.swift */,
			);
			path = Cube;
			sourceTree = "<group>";
		};
		13E5ACE32026115600C92237 /* Play */ = {
			isa = PBXGroup;
			children = (
				13E5ACE42026117700C92237 /* View Controllers */,
				4A83468C1E203B6200BAF8F9 /* Question.swift */,
				4A83468D1E203B6200BAF8F9 /* QuestionStorage.swift */,
			);
			path = Play;
			sourceTree = "<group>";
		};
		13E5ACE42026117700C92237 /* View Controllers */ = {
			isa = PBXGroup;
			children = (
				4A8346961E203B6200BAF8F9 /* PlayViewController.swift */,
				4A438D7C1E31E46600C2253C /* CheckViewController.swift */,
			);
			path = "View Controllers";
			sourceTree = "<group>";
		};
		13E5ACE52026118E00C92237 /* View Controllers */ = {
			isa = PBXGroup;
			children = (
				13523AFA2011E1E500CDF58C /* BackgroundViewController.swift */,
				4A8346921E203B6200BAF8F9 /* GeneralViewController.swift */,
				138BF0362032B25300119A52 /* SkinnedViewController.swift */,
			);
			path = "View Controllers";
			sourceTree = "<group>";
		};
		13E5ACE6202611ED00C92237 /* Stats */ = {
			isa = PBXGroup;
			children = (
				13E5ACEA2026126900C92237 /* View Controllers */,
				4A83468A1E203B6200BAF8F9 /* LocationMarker.swift */,
				4A8346891E203B6200BAF8F9 /* DataEntry.swift */,
			);
			path = Stats;
			sourceTree = "<group>";
		};
		13E5ACE7202611FE00C92237 /* Connections */ = {
			isa = PBXGroup;
			children = (
				13E5ACEB2026127A00C92237 /* View Controllers */,
				4A06B5FB1E713C82008BDBE1 /* Connection.swift */,
				136246CB204E623C00778209 /* ConnectionView.swift */,
				136246CD204E66D400778209 /* ConnectionManager.swift */,
				136246D0204FBF6300778209 /* HealthKitService.swift */,
				1317BE7A20524F2A0095F0BB /* FitbitManager.swift */,
			);
			path = Connections;
			sourceTree = "<group>";
		};
		13E5ACE82026120800C92237 /* Friend List */ = {
			isa = PBXGroup;
			children = (
				4A877CCF1E889BED009CE752 /* FriendCell.swift */,
				4A877CD21E889D5C009CE752 /* FriendListViewController.swift */,
			);
			path = "Friend List";
			sourceTree = "<group>";
		};
		13E5ACE92026122800C92237 /* View Controllers */ = {
			isa = PBXGroup;
			children = (
				4ABD51531E99558A00607CE8 /* PickAvatarViewController.swift */,
				4A83468F1E203B6200BAF8F9 /* CubeViewController.swift */,
			);
			path = "View Controllers";
			sourceTree = "<group>";
		};
		13E5ACEA2026126900C92237 /* View Controllers */ = {
			isa = PBXGroup;
			children = (
				4A8346901E203B6200BAF8F9 /* DataEntryDetailsViewController.swift */,
				4A8346971E203B6200BAF8F9 /* StatsNavViewController.swift */,
				4A8346981E203B6200BAF8F9 /* StatsViewController.swift */,
			);
			path = "View Controllers";
			sourceTree = "<group>";
		};
		13E5ACEB2026127A00C92237 /* View Controllers */ = {
			isa = PBXGroup;
			children = (
				4A8346911E203B6200BAF8F9 /* ConnectionsViewController.swift */,
			);
			path = "View Controllers";
			sourceTree = "<group>";
		};
		13E5ACEC202612A100C92237 /* Map */ = {
			isa = PBXGroup;
			children = (
				13E5ACED202612A500C92237 /* View Controller */,
			);
			path = Map;
			sourceTree = "<group>";
		};
		13E5ACED202612A500C92237 /* View Controller */ = {
			isa = PBXGroup;
			children = (
				4A8346951E203B6200BAF8F9 /* MapViewController.swift */,
			);
			path = "View Controller";
			sourceTree = "<group>";
		};
		13E5ACEE202612EA00C92237 /* Storyboards */ = {
			isa = PBXGroup;
			children = (
				4A83467A1E203B6200BAF8F9 /* LaunchScreen.storyboard */,
				4A83467C1E203B6200BAF8F9 /* Main.storyboard */,
			);
			path = Storyboards;
			sourceTree = "<group>";
		};
		13E5ACEF2026131C00C92237 /* Knowledge Base */ = {
			isa = PBXGroup;
			children = (
				4A8346931E203B6200BAF8F9 /* KnowledgeBaseViewController.swift */,
			);
			path = "Knowledge Base";
			sourceTree = "<group>";
		};
		13E5ACF12026138C00C92237 /* Video */ = {
			isa = PBXGroup;
			children = (
				4A438D8E1E32DD1F00C2253C /* AppTutorialVideo.mp4 */,
			);
			name = Video;
			sourceTree = "<group>";
		};
		13E5ACF22026139700C92237 /* Sounds */ = {
			isa = PBXGroup;
			children = (
				4AFB6CAA1E31545700CB8586 /* HookDown.mp3 */,
				4AFB6CAB1E31545700CB8586 /* HookUp.mp3 */,
				4AFB6CAC1E31545700CB8586 /* CheckVocals.mp3 */,
				4AFB6CAD1E31545700CB8586 /* ExtendedBeat.mp3 */,
			);
			name = Sounds;
			sourceTree = "<group>";
		};
		13E5ACF42026150200C92237 /* Overrides */ = {
			isa = PBXGroup;
			children = (
				13E5ACF52026150A00C92237 /* CustomTabBar.swift */,
				138BF02D2031638C00119A52 /* TextField.swift */,
			);
			path = Overrides;
			sourceTree = "<group>";
		};
		4A8346591E20394D00BAF8F9 = {
			isa = PBXGroup;
			children = (
				4A00258B1E36A52A00950990 /* BridgingHeader.h */,
				4A8346631E20394D00BAF8F9 /* Products */,
				4A8346771E203B6200BAF8F9 /* Check_Yo_Self */,
				4A8346B51E203E4000BAF8F9 /* Frameworks */,
				84946F36CDA8DBD10D5B047C /* Pods */,
			);
			sourceTree = "<group>";
		};
		4A8346631E20394D00BAF8F9 /* Products */ = {
			isa = PBXGroup;
			children = (
				4A8346621E20394D00BAF8F9 /* Check_Yo_Self.app */,
			);
			name = Products;
			sourceTree = "<group>";
		};
		4A8346771E203B6200BAF8F9 /* Check_Yo_Self */ = {
			isa = PBXGroup;
			children = (
				13E5ACEE202612EA00C92237 /* Storyboards */,
				13E5ACDA20260FE300C92237 /* Source */,
				4AA2D3941E24883C00DBE986 /* Assets */,
				4A8346B41E203E3F00BAF8F9 /* Check_Yo_Self.entitlements */,
				4A06B5F71E709F1B008BDBE1 /* GoogleService-Info.plist */,
				4A83467E1E203B6200BAF8F9 /* CheckYoSelf.entitlements */,
				4A8346861E203B6200BAF8F9 /* Info.plist */,
			);
			path = Check_Yo_Self;
			sourceTree = "<group>";
		};
		4A83467F1E203B6200BAF8F9 /* FitBit */ = {
			isa = PBXGroup;
			children = (
				4A8346801E203B6200BAF8F9 /* AuthenticationController.swift */,
				4A8346831E203B6200BAF8F9 /* HeartStats.swift */,
				4A8346811E203B6200BAF8F9 /* FitbitAPI.swift */,
				4A8346821E203B6200BAF8F9 /* Notifications.swift */,
				4A8346851E203B6200BAF8F9 /* String+Dates.swift */,
			);
			path = FitBit;
			sourceTree = "<group>";
		};
		4A8346B51E203E4000BAF8F9 /* Frameworks */ = {
			isa = PBXGroup;
			children = (
				4A438D811E31EB5400C2253C /* Chartboost.framework */,
				4A438D891E31EB9300C2253C /* CoreGraphics.framework */,
				4A438D871E31EB8D00C2253C /* Foundation.framework */,
				4A438D851E31EB8600C2253C /* UIKit.framework */,
				4A438D831E31EB8000C2253C /* StoreKit.framework */,
				4AA2D3C91E2E8E4200DBE986 /* CloudKit.framework */,
				4A8346B61E203E4000BAF8F9 /* HealthKit.framework */,
				07D724E8DB2EF705EBC757AB /* Pods_Check_Yo_Self.framework */,
			);
			name = Frameworks;
			sourceTree = "<group>";
		};
		4AA2D3941E24883C00DBE986 /* Assets */ = {
			isa = PBXGroup;
			children = (
				4A8346791E203B6200BAF8F9 /* Assets.xcassets */,
				13E5ACF22026139700C92237 /* Sounds */,
				13E5ACF12026138C00C92237 /* Video */,
				4AADEAD71E30848000C062B5 /* Noodle.gif */,
			);
			name = Assets;
			sourceTree = "<group>";
		};
		84946F36CDA8DBD10D5B047C /* Pods */ = {
			isa = PBXGroup;
			children = (
				4D6A8F49780E00E06AA0BEA1 /* Pods-Check_Yo_Self.debug.xcconfig */,
				B33B9F90DA837350B8BCBFEF /* Pods-Check_Yo_Self.release.xcconfig */,
			);
			name = Pods;
			sourceTree = "<group>";
		};
/* End PBXGroup section */

/* Begin PBXNativeTarget section */
		4A8346611E20394D00BAF8F9 /* Check_Yo_Self */ = {
			isa = PBXNativeTarget;
			buildConfigurationList = 4A8346741E20394D00BAF8F9 /* Build configuration list for PBXNativeTarget "Check_Yo_Self" */;
			buildPhases = (
				CE6902CB6696D86C5072F0F4 /* [CP] Check Pods Manifest.lock */,
				4A83465E1E20394D00BAF8F9 /* Sources */,
				4A83465F1E20394D00BAF8F9 /* Frameworks */,
				4A8346601E20394D00BAF8F9 /* Resources */,
				372327873F8DDAAEB5EFC364 /* [CP] Embed Pods Frameworks */,
				E981019BDC7E27674BC3E7D0 /* [CP] Copy Pods Resources */,
			);
			buildRules = (
			);
			dependencies = (
			);
			name = Check_Yo_Self;
			productName = Check_Yo_Self;
			productReference = 4A8346621E20394D00BAF8F9 /* Check_Yo_Self.app */;
			productType = "com.apple.product-type.application";
		};
/* End PBXNativeTarget section */

/* Begin PBXProject section */
		4A83465A1E20394D00BAF8F9 /* Project object */ = {
			isa = PBXProject;
			attributes = {
				LastSwiftUpdateCheck = 0820;
				LastUpgradeCheck = 0820;
				ORGANIZATIONNAME = ThematicsLLC;
				TargetAttributes = {
					4A8346611E20394D00BAF8F9 = {
						CreatedOnToolsVersion = 8.2.1;
						DevelopmentTeam = K9C8XCSNZZ;
						ProvisioningStyle = Automatic;
						SystemCapabilities = {
							com.apple.HealthKit = {
								enabled = 1;
							};
							com.apple.Push = {
								enabled = 1;
							};
							com.apple.iCloud = {
								enabled = 1;
							};
						};
					};
				};
			};
			buildConfigurationList = 4A83465D1E20394D00BAF8F9 /* Build configuration list for PBXProject "Check_Yo_Self" */;
			compatibilityVersion = "Xcode 3.2";
			developmentRegion = English;
			hasScannedForEncodings = 0;
			knownRegions = (
				en,
				Base,
			);
			mainGroup = 4A8346591E20394D00BAF8F9;
			productRefGroup = 4A8346631E20394D00BAF8F9 /* Products */;
			projectDirPath = "";
			projectRoot = "";
			targets = (
				4A8346611E20394D00BAF8F9 /* Check_Yo_Self */,
			);
		};
/* End PBXProject section */

/* Begin PBXResourcesBuildPhase section */
		4A8346601E20394D00BAF8F9 /* Resources */ = {
			isa = PBXResourcesBuildPhase;
			buildActionMask = 2147483647;
			files = (
				4A06B5F81E709F1B008BDBE1 /* GoogleService-Info.plist in Resources */,
				4A438D901E32DF1F00C2253C /* AppTutorialVideo.mp4 in Resources */,
				4AFB6CAF1E31545700CB8586 /* HookUp.mp3 in Resources */,
				4AFB6CB11E31545700CB8586 /* ExtendedBeat.mp3 in Resources */,
				4AADEAD81E30848000C062B5 /* Noodle.gif in Resources */,
				4AFB6CAE1E31545700CB8586 /* HookDown.mp3 in Resources */,
				4AFB6CB01E31545700CB8586 /* CheckVocals.mp3 in Resources */,
				4A83469C1E203B6200BAF8F9 /* Main.storyboard in Resources */,
				4A83469A1E203B6200BAF8F9 /* Assets.xcassets in Resources */,
				4A83469B1E203B6200BAF8F9 /* LaunchScreen.storyboard in Resources */,
			);
			runOnlyForDeploymentPostprocessing = 0;
		};
/* End PBXResourcesBuildPhase section */

/* Begin PBXShellScriptBuildPhase section */
		372327873F8DDAAEB5EFC364 /* [CP] Embed Pods Frameworks */ = {
			isa = PBXShellScriptBuildPhase;
			buildActionMask = 2147483647;
			files = (
			);
			inputPaths = (
				"${SRCROOT}/Pods/Target Support Files/Pods-Check_Yo_Self/Pods-Check_Yo_Self-frameworks.sh",
				"${BUILT_PRODUCTS_DIR}/Bolts/Bolts.framework",
				"${BUILT_PRODUCTS_DIR}/FBSDKCoreKit/FBSDKCoreKit.framework",
				"${BUILT_PRODUCTS_DIR}/FBSDKLoginKit/FBSDKLoginKit.framework",
				"${BUILT_PRODUCTS_DIR}/FBSDKShareKit/FBSDKShareKit.framework",
				"${BUILT_PRODUCTS_DIR}/FacebookCore/FacebookCore.framework",
				"${BUILT_PRODUCTS_DIR}/FacebookLogin/FacebookLogin.framework",
				"${BUILT_PRODUCTS_DIR}/FacebookShare/FacebookShare.framework",
				"${BUILT_PRODUCTS_DIR}/GTMSessionFetcher/GTMSessionFetcher.framework",
				"${BUILT_PRODUCTS_DIR}/GoogleToolboxForMac/GoogleToolboxForMac.framework",
				"${BUILT_PRODUCTS_DIR}/MBProgressHUD/MBProgressHUD.framework",
				"${BUILT_PRODUCTS_DIR}/leveldb-library/leveldb.framework",
				"${BUILT_PRODUCTS_DIR}/nanopb/nanopb.framework",
			);
			name = "[CP] Embed Pods Frameworks";
			outputPaths = (
				"${TARGET_BUILD_DIR}/${FRAMEWORKS_FOLDER_PATH}/Bolts.framework",
				"${TARGET_BUILD_DIR}/${FRAMEWORKS_FOLDER_PATH}/FBSDKCoreKit.framework",
				"${TARGET_BUILD_DIR}/${FRAMEWORKS_FOLDER_PATH}/FBSDKLoginKit.framework",
				"${TARGET_BUILD_DIR}/${FRAMEWORKS_FOLDER_PATH}/FBSDKShareKit.framework",
				"${TARGET_BUILD_DIR}/${FRAMEWORKS_FOLDER_PATH}/FacebookCore.framework",
				"${TARGET_BUILD_DIR}/${FRAMEWORKS_FOLDER_PATH}/FacebookLogin.framework",
				"${TARGET_BUILD_DIR}/${FRAMEWORKS_FOLDER_PATH}/FacebookShare.framework",
				"${TARGET_BUILD_DIR}/${FRAMEWORKS_FOLDER_PATH}/GTMSessionFetcher.framework",
				"${TARGET_BUILD_DIR}/${FRAMEWORKS_FOLDER_PATH}/GoogleToolboxForMac.framework",
				"${TARGET_BUILD_DIR}/${FRAMEWORKS_FOLDER_PATH}/MBProgressHUD.framework",
				"${TARGET_BUILD_DIR}/${FRAMEWORKS_FOLDER_PATH}/leveldb.framework",
				"${TARGET_BUILD_DIR}/${FRAMEWORKS_FOLDER_PATH}/nanopb.framework",
			);
			runOnlyForDeploymentPostprocessing = 0;
			shellPath = /bin/sh;
			shellScript = "\"${SRCROOT}/Pods/Target Support Files/Pods-Check_Yo_Self/Pods-Check_Yo_Self-frameworks.sh\"\n";
			showEnvVarsInLog = 0;
		};
		CE6902CB6696D86C5072F0F4 /* [CP] Check Pods Manifest.lock */ = {
			isa = PBXShellScriptBuildPhase;
			buildActionMask = 2147483647;
			files = (
			);
			inputPaths = (
				"${PODS_PODFILE_DIR_PATH}/Podfile.lock",
				"${PODS_ROOT}/Manifest.lock",
			);
			name = "[CP] Check Pods Manifest.lock";
			outputPaths = (
				"$(DERIVED_FILE_DIR)/Pods-Check_Yo_Self-checkManifestLockResult.txt",
			);
			runOnlyForDeploymentPostprocessing = 0;
			shellPath = /bin/sh;
			shellScript = "diff \"${PODS_PODFILE_DIR_PATH}/Podfile.lock\" \"${PODS_ROOT}/Manifest.lock\" > /dev/null\nif [ $? != 0 ] ; then\n    # print error to STDERR\n    echo \"error: The sandbox is not in sync with the Podfile.lock. Run 'pod install' or update your CocoaPods installation.\" >&2\n    exit 1\nfi\n# This output is used by Xcode 'outputs' to avoid re-running this script phase.\necho \"SUCCESS\" > \"${SCRIPT_OUTPUT_FILE_0}\"\n";
			showEnvVarsInLog = 0;
		};
		E981019BDC7E27674BC3E7D0 /* [CP] Copy Pods Resources */ = {
			isa = PBXShellScriptBuildPhase;
			buildActionMask = 2147483647;
			files = (
			);
			inputPaths = (
			);
			name = "[CP] Copy Pods Resources";
			outputPaths = (
			);
			runOnlyForDeploymentPostprocessing = 0;
			shellPath = /bin/sh;
			shellScript = "\"${SRCROOT}/Pods/Target Support Files/Pods-Check_Yo_Self/Pods-Check_Yo_Self-resources.sh\"\n";
			showEnvVarsInLog = 0;
		};
/* End PBXShellScriptBuildPhase section */

/* Begin PBXSourcesBuildPhase section */
		4A83465E1E20394D00BAF8F9 /* Sources */ = {
			isa = PBXSourcesBuildPhase;
			buildActionMask = 2147483647;
			files = (
				13E5ACF62026150A00C92237 /* CustomTabBar.swift in Sources */,
				4A8346A51E203B6200BAF8F9 /* DataEntry.swift in Sources */,
				4A06B5FC1E713C82008BDBE1 /* Connection.swift in Sources */,
				136246CC204E623C00778209 /* ConnectionView.swift in Sources */,
				4ABD51541E99558A00607CE8 /* PickAvatarViewController.swift in Sources */,
				13382AB02017159500CAAB84 /* LoginFlowManager.swift in Sources */,
				4AADEADA1E30887000C062B5 /* iOSDevCenters+GIF.swift in Sources */,
				4A55D7101E79B6BB00EFB9B5 /* BSGCommon.swift in Sources */,
				4A8346AA1E203B6200BAF8F9 /* CubeViewController.swift in Sources */,
				132042AD2010682300DCE39E /* DataManager.swift in Sources */,
				4A83469F1E203B6200BAF8F9 /* Notifications.swift in Sources */,
				4AADEAD61E30826600C062B5 /* LoadingViewController.swift in Sources */,
				4A8346B01E203B6200BAF8F9 /* MapViewController.swift in Sources */,
				4AA2D39C1E24B35E00DBE986 /* Media.swift in Sources */,
				4A8346A81E203B6200BAF8F9 /* Question.swift in Sources */,
				4A8346AF1E203B6200BAF8F9 /* LoginViewController.swift in Sources */,
				4A8346B31E203B6200BAF8F9 /* StatsViewController.swift in Sources */,
				4A8346991E203B6200BAF8F9 /* AppDelegate.swift in Sources */,
				138BF02E2031638C00119A52 /* TextField.swift in Sources */,
				4A8346A41E203B6200BAF8F9 /* CustomTableViewCell.swift in Sources */,
				136246CE204E66D400778209 /* ConnectionManager.swift in Sources */,
				132042AF2010692800DCE39E /* User.swift in Sources */,
				13523AF82011C52B00CDF58C /* CreateNewAccountViewController.swift in Sources */,
				4AA2D3CC1E2FFC6F00DBE986 /* Configuration.swift in Sources */,
				13523AF62011C34D00CDF58C /* LabelAndTextFieldCell.swift in Sources */,
				4A8346AD1E203B6200BAF8F9 /* GeneralViewController.swift in Sources */,
				1317BE7B20524F2A0095F0BB /* FitbitManager.swift in Sources */,
				4A438D7D1E31E46600C2253C /* CheckViewController.swift in Sources */,
				4A8346A91E203B6200BAF8F9 /* QuestionStorage.swift in Sources */,
				4A8346A61E203B6200BAF8F9 /* LocationMarker.swift in Sources */,
				13C099AA202D886200E356D5 /* DropdownMenuCell.swift in Sources */,
				132042AB201062C300DCE39E /* BSGFirebaseService.swift in Sources */,
				138BF03A2032B2E800119A52 /* ProfileInfo.swift in Sources */,
				136246D1204FBF6300778209 /* HealthKitService.swift in Sources */,
				137B1E0C203FEED700A70FE0 /* NotificationManager.swift in Sources */,
				13C099A8202D865100E356D5 /* ProfileViewController.swift in Sources */,
				4A8346AC1E203B6200BAF8F9 /* ConnectionsViewController.swift in Sources */,
				4A8346A21E203B6200BAF8F9 /* String+Dates.swift in Sources */,
				4A8346A71E203B6200BAF8F9 /* PlayerData.swift in Sources */,
				4A83469E1E203B6200BAF8F9 /* FitbitAPI.swift in Sources */,
				4AA2D3A01E256A7D00DBE986 /* Avatar.swift in Sources */,
				4A8346AE1E203B6200BAF8F9 /* KnowledgeBaseViewController.swift in Sources */,
				4A06B5FA1E70F287008BDBE1 /* EnumList.swift in Sources */,
				4A8346A01E203B6200BAF8F9 /* HeartStats.swift in Sources */,
				138BF0282031403900119A52 /* BSGCustomAlertController.swift in Sources */,
				4A8346B21E203B6200BAF8F9 /* StatsNavViewController.swift in Sources */,
				4A877CD01E889BED009CE752 /* FriendCell.swift in Sources */,
				138BF03220328D9E00119A52 /* BSGFacebookService.swift in Sources */,
				4A8346AB1E203B6200BAF8F9 /* DataEntryDetailsViewController.swift in Sources */,
				138BF0372032B25300119A52 /* SkinnedViewController.swift in Sources */,
				138BF0272031403900119A52 /* BSGCustomAlert.swift in Sources */,
				4A877CD31E889D5C009CE752 /* FriendListViewController.swift in Sources */,
				13523AFB2011E1E500CDF58C /* BackgroundViewController.swift in Sources */,
				1317BE7D205268D80095F0BB /* UINib+Extractor.swift in Sources */,
				4A8346B11E203B6200BAF8F9 /* PlayViewController.swift in Sources */,
				138BF02C2031418E00119A52 /* CubeColor.swift in Sources */,
				4A83469D1E203B6200BAF8F9 /* AuthenticationController.swift in Sources */,
			);
			runOnlyForDeploymentPostprocessing = 0;
		};
/* End PBXSourcesBuildPhase section */

/* Begin PBXVariantGroup section */
		4A83467A1E203B6200BAF8F9 /* LaunchScreen.storyboard */ = {
			isa = PBXVariantGroup;
			children = (
				4A83467B1E203B6200BAF8F9 /* Base */,
			);
			name = LaunchScreen.storyboard;
			sourceTree = "<group>";
		};
		4A83467C1E203B6200BAF8F9 /* Main.storyboard */ = {
			isa = PBXVariantGroup;
			children = (
				4A83467D1E203B6200BAF8F9 /* Base */,
			);
			name = Main.storyboard;
			sourceTree = "<group>";
		};
/* End PBXVariantGroup section */

/* Begin XCBuildConfiguration section */
		4A8346721E20394D00BAF8F9 /* Debug */ = {
			isa = XCBuildConfiguration;
			buildSettings = {
				ALWAYS_SEARCH_USER_PATHS = NO;
				CLANG_ANALYZER_NONNULL = YES;
				CLANG_CXX_LANGUAGE_STANDARD = "gnu++0x";
				CLANG_CXX_LIBRARY = "libc++";
				CLANG_ENABLE_MODULES = YES;
				CLANG_ENABLE_OBJC_ARC = YES;
				CLANG_WARN_BOOL_CONVERSION = YES;
				CLANG_WARN_CONSTANT_CONVERSION = YES;
				CLANG_WARN_DIRECT_OBJC_ISA_USAGE = YES_ERROR;
				CLANG_WARN_DOCUMENTATION_COMMENTS = YES;
				CLANG_WARN_EMPTY_BODY = YES;
				CLANG_WARN_ENUM_CONVERSION = YES;
				CLANG_WARN_INFINITE_RECURSION = YES;
				CLANG_WARN_INT_CONVERSION = YES;
				CLANG_WARN_OBJC_ROOT_CLASS = YES_ERROR;
				CLANG_WARN_SUSPICIOUS_MOVE = YES;
				CLANG_WARN_UNREACHABLE_CODE = YES;
				CLANG_WARN__DUPLICATE_METHOD_MATCH = YES;
				"CODE_SIGN_IDENTITY[sdk=iphoneos*]" = "iPhone Developer";
				COPY_PHASE_STRIP = NO;
				DEBUG_INFORMATION_FORMAT = dwarf;
				ENABLE_STRICT_OBJC_MSGSEND = YES;
				ENABLE_TESTABILITY = YES;
				GCC_C_LANGUAGE_STANDARD = gnu99;
				GCC_DYNAMIC_NO_PIC = NO;
				GCC_NO_COMMON_BLOCKS = YES;
				GCC_OPTIMIZATION_LEVEL = 0;
				GCC_PREPROCESSOR_DEFINITIONS = (
					"DEBUG=1",
					"$(inherited)",
				);
				GCC_WARN_64_TO_32_BIT_CONVERSION = YES;
				GCC_WARN_ABOUT_RETURN_TYPE = YES_ERROR;
				GCC_WARN_UNDECLARED_SELECTOR = YES;
				GCC_WARN_UNINITIALIZED_AUTOS = YES_AGGRESSIVE;
				GCC_WARN_UNUSED_FUNCTION = YES;
				GCC_WARN_UNUSED_VARIABLE = YES;
				IPHONEOS_DEPLOYMENT_TARGET = 10.2;
				MTL_ENABLE_DEBUG_INFO = YES;
				ONLY_ACTIVE_ARCH = YES;
				SDKROOT = iphoneos;
				SWIFT_ACTIVE_COMPILATION_CONDITIONS = DEBUG;
				SWIFT_OPTIMIZATION_LEVEL = "-Onone";
				TARGETED_DEVICE_FAMILY = "1,2";
			};
			name = Debug;
		};
		4A8346731E20394D00BAF8F9 /* Release */ = {
			isa = XCBuildConfiguration;
			buildSettings = {
				ALWAYS_SEARCH_USER_PATHS = NO;
				CLANG_ANALYZER_NONNULL = YES;
				CLANG_CXX_LANGUAGE_STANDARD = "gnu++0x";
				CLANG_CXX_LIBRARY = "libc++";
				CLANG_ENABLE_MODULES = YES;
				CLANG_ENABLE_OBJC_ARC = YES;
				CLANG_WARN_BOOL_CONVERSION = YES;
				CLANG_WARN_CONSTANT_CONVERSION = YES;
				CLANG_WARN_DIRECT_OBJC_ISA_USAGE = YES_ERROR;
				CLANG_WARN_DOCUMENTATION_COMMENTS = YES;
				CLANG_WARN_EMPTY_BODY = YES;
				CLANG_WARN_ENUM_CONVERSION = YES;
				CLANG_WARN_INFINITE_RECURSION = YES;
				CLANG_WARN_INT_CONVERSION = YES;
				CLANG_WARN_OBJC_ROOT_CLASS = YES_ERROR;
				CLANG_WARN_SUSPICIOUS_MOVE = YES;
				CLANG_WARN_UNREACHABLE_CODE = YES;
				CLANG_WARN__DUPLICATE_METHOD_MATCH = YES;
				"CODE_SIGN_IDENTITY[sdk=iphoneos*]" = "iPhone Developer";
				COPY_PHASE_STRIP = NO;
				DEBUG_INFORMATION_FORMAT = "dwarf-with-dsym";
				ENABLE_NS_ASSERTIONS = NO;
				ENABLE_STRICT_OBJC_MSGSEND = YES;
				GCC_C_LANGUAGE_STANDARD = gnu99;
				GCC_NO_COMMON_BLOCKS = YES;
				GCC_WARN_64_TO_32_BIT_CONVERSION = YES;
				GCC_WARN_ABOUT_RETURN_TYPE = YES_ERROR;
				GCC_WARN_UNDECLARED_SELECTOR = YES;
				GCC_WARN_UNINITIALIZED_AUTOS = YES_AGGRESSIVE;
				GCC_WARN_UNUSED_FUNCTION = YES;
				GCC_WARN_UNUSED_VARIABLE = YES;
				IPHONEOS_DEPLOYMENT_TARGET = 10.2;
				MTL_ENABLE_DEBUG_INFO = NO;
				SDKROOT = iphoneos;
				SWIFT_OPTIMIZATION_LEVEL = "-Owholemodule";
				TARGETED_DEVICE_FAMILY = "1,2";
				VALIDATE_PRODUCT = YES;
			};
			name = Release;
		};
		4A8346751E20394D00BAF8F9 /* Debug */ = {
			isa = XCBuildConfiguration;
			baseConfigurationReference = 4D6A8F49780E00E06AA0BEA1 /* Pods-Check_Yo_Self.debug.xcconfig */;
			buildSettings = {
				ALWAYS_EMBED_SWIFT_STANDARD_LIBRARIES = YES;
				ASSETCATALOG_COMPILER_APPICON_NAME = AppIcon;
				CODE_SIGN_ENTITLEMENTS = Check_Yo_Self/Check_Yo_Self.entitlements;
				"CODE_SIGN_IDENTITY[sdk=iphoneos*]" = "iPhone Developer";
				DEVELOPMENT_TEAM = K9C8XCSNZZ;
				FRAMEWORK_SEARCH_PATHS = (
					"$(inherited)",
					"$(PROJECT_DIR)/Check_Yo_Self/Frameworks",
				);
				INFOPLIST_FILE = Check_Yo_Self/Info.plist;
				IPHONEOS_DEPLOYMENT_TARGET = 11.2;
				LD_RUNPATH_SEARCH_PATHS = "$(inherited) @executable_path/Frameworks";
				PRODUCT_BUNDLE_IDENTIFIER = net.thematics.checkyoself;
				PRODUCT_NAME = "$(TARGET_NAME)";
				SWIFT_OBJC_BRIDGING_HEADER = BridgingHeader.h;
				SWIFT_VERSION = 4.0;
				TARGETED_DEVICE_FAMILY = "1,2";
			};
			name = Debug;
		};
		4A8346761E20394D00BAF8F9 /* Release */ = {
			isa = XCBuildConfiguration;
			baseConfigurationReference = B33B9F90DA837350B8BCBFEF /* Pods-Check_Yo_Self.release.xcconfig */;
			buildSettings = {
				ALWAYS_EMBED_SWIFT_STANDARD_LIBRARIES = YES;
				ASSETCATALOG_COMPILER_APPICON_NAME = AppIcon;
				CODE_SIGN_ENTITLEMENTS = Check_Yo_Self/Check_Yo_Self.entitlements;
				"CODE_SIGN_IDENTITY[sdk=iphoneos*]" = "iPhone Developer";
				DEVELOPMENT_TEAM = K9C8XCSNZZ;
				FRAMEWORK_SEARCH_PATHS = (
					"$(inherited)",
					"$(PROJECT_DIR)/Check_Yo_Self/Frameworks",
				);
				INFOPLIST_FILE = Check_Yo_Self/Info.plist;
				IPHONEOS_DEPLOYMENT_TARGET = 11.2;
				LD_RUNPATH_SEARCH_PATHS = "$(inherited) @executable_path/Frameworks";
				PRODUCT_BUNDLE_IDENTIFIER = net.thematics.checkyoself;
				PRODUCT_NAME = "$(TARGET_NAME)";
				SWIFT_OBJC_BRIDGING_HEADER = BridgingHeader.h;
				SWIFT_VERSION = 4.0;
				TARGETED_DEVICE_FAMILY = "1,2";
			};
			name = Release;
		};
/* End XCBuildConfiguration section */

/* Begin XCConfigurationList section */
		4A83465D1E20394D00BAF8F9 /* Build configuration list for PBXProject "Check_Yo_Self" */ = {
			isa = XCConfigurationList;
			buildConfigurations = (
				4A8346721E20394D00BAF8F9 /* Debug */,
				4A8346731E20394D00BAF8F9 /* Release */,
			);
			defaultConfigurationIsVisible = 0;
			defaultConfigurationName = Release;
		};
		4A8346741E20394D00BAF8F9 /* Build configuration list for PBXNativeTarget "Check_Yo_Self" */ = {
			isa = XCConfigurationList;
			buildConfigurations = (
				4A8346751E20394D00BAF8F9 /* Debug */,
				4A8346761E20394D00BAF8F9 /* Release */,
			);
			defaultConfigurationIsVisible = 0;
			defaultConfigurationName = Release;
		};
/* End XCConfigurationList section */
	};
	rootObject = 4A83465A1E20394D00BAF8F9 /* Project object */;
}
